
Microsoft Visual Studio Solution File, Format Version 12.00
# Visual Studio Version 16
VisualStudioVersion = 16.0.30621.155
MinimumVisualStudioVersion = 10.0.40219.1
Project("{FAE04EC0-301F-11D3-BF4B-00C04F79EFBC}") = "LabIO_TAPSERWER", "LabIO_TAPSERWER\LabIO_TAPSERWER.csproj", "{B59D4D4A-1328-4DCF-B973-B4A4631C3A95}"
EndProject
Project("{FAE04EC0-301F-11D3-BF4B-00C04F79EFBC}") = "Ciphering", "Ciphering\Ciphering.csproj", "{6B30491A-DDAF-4660-BF30-61CD9C5E05C2}"
EndProject
Project("{FAE04EC0-301F-11D3-BF4B-00C04F79EFBC}") = "LoginService", "LoginService\LoginService.csproj", "{C142B5C0-792A-4C93-9B84-8EE8CA1B59D0}"
EndProject
Project("{FAE04EC0-301F-11D3-BF4B-00C04F79EFBC}") = "ServerTCP", "ServerTCP\ServerTCP.csproj", "{77B10139-9517-426B-91EE-F17B0256E475}"
EndProject
Project("{FAE04EC0-301F-11D3-BF4B-00C04F79EFBC}") = "ServerTCPAsync", "ServerTCPAsync\ServerTCPAsync.csproj", "{77F87972-FB1E-458E-8935-D092D00DAEB8}"
EndProject
Global
	GlobalSection(SolutionConfigurationPlatforms) = preSolution
		Debug|Any CPU = Debug|Any CPU
		Release|Any CPU = Release|Any CPU
	EndGlobalSection
	GlobalSection(ProjectConfigurationPlatforms) = postSolution
		{B59D4D4A-1328-4DCF-B973-B4A4631C3A95}.Debug|Any CPU.ActiveCfg = Debug|Any CPU
		{B59D4D4A-1328-4DCF-B973-B4A4631C3A95}.Debug|Any CPU.Build.0 = Debug|Any CPU
		{B59D4D4A-1328-4DCF-B973-B4A4631C3A95}.Release|Any CPU.ActiveCfg = Release|Any CPU
		{B59D4D4A-1328-4DCF-B973-B4A4631C3A95}.Release|Any CPU.Build.0 = Release|Any CPU
		{6B30491A-DDAF-4660-BF30-61CD9C5E05C2}.Debug|Any CPU.ActiveCfg = Debug|Any CPU
		{6B30491A-DDAF-4660-BF30-61CD9C5E05C2}.Debug|Any CPU.Build.0 = Debug|Any CPU
		{6B30491A-DDAF-4660-BF30-61CD9C5E05C2}.Release|Any CPU.ActiveCfg = Release|Any CPU
		{6B30491A-DDAF-4660-BF30-61CD9C5E05C2}.Release|Any CPU.Build.0 = Release|Any CPU
		{C142B5C0-792A-4C93-9B84-8EE8CA1B59D0}.Debug|Any CPU.ActiveCfg = Debug|Any CPU
		{C142B5C0-792A-4C93-9B84-8EE8CA1B59D0}.Debug|Any CPU.Build.0 = Debug|Any CPU
		{C142B5C0-792A-4C93-9B84-8EE8CA1B59D0}.Release|Any CPU.ActiveCfg = Release|Any CPU
		{C142B5C0-792A-4C93-9B84-8EE8CA1B59D0}.Release|Any CPU.Build.0 = Release|Any CPU
		{77B10139-9517-426B-91EE-F17B0256E475}.Debug|Any CPU.ActiveCfg = Debug|Any CPU
		{77B10139-9517-426B-91EE-F17B0256E475}.Debug|Any CPU.Build.0 = Debug|Any CPU
		{77B10139-9517-426B-91EE-F17B0256E475}.Release|Any CPU.ActiveCfg = Release|Any CPU
		{77B10139-9517-426B-91EE-F17B0256E475}.Release|Any CPU.Build.0 = Release|Any CPU
		{77F87972-FB1E-458E-8935-D092D00DAEB8}.Debug|Any CPU.ActiveCfg = Debug|Any CPU
		{77F87972-FB1E-458E-8935-D092D00DAEB8}.Debug|Any CPU.Build.0 = Debug|Any CPU
		{77F87972-FB1E-458E-8935-D092D00DAEB8}.Release|Any CPU.ActiveCfg = Release|Any CPU
		{77F87972-FB1E-458E-8935-D092D00DAEB8}.Release|Any CPU.Build.0 = Release|Any CPU
	EndGlobalSection
	GlobalSection(SolutionProperties) = preSolution
		HideSolutionNode = FALSE
	EndGlobalSection
	GlobalSection(ExtensibilityGlobals) = postSolution
		SolutionGuid = {F439B5D1-CE0E-4CFE-A7CA-D9B808BB1C5F}
	EndGlobalSection
EndGlobal
