
Microsoft Visual Studio Solution File, Format Version 12.00
# Visual Studio Version 16
VisualStudioVersion = 16.0.29503.13
MinimumVisualStudioVersion = 10.0.40219.1
Project("{9A19103F-16F7-4668-BE54-9A1E7A4F7556}") = "tcpClientWithGUI", "tcpClientWithGUI\tcpClientWithGUI.csproj", "{66A07DA0-9EED-4A8C-B6D8-39DB93513A1B}"
EndProject
Project("{9A19103F-16F7-4668-BE54-9A1E7A4F7556}") = "tcpLogin_Client_LIB", "tcpLogin_Client_LIB\tcpLogin_Client_LIB.csproj", "{9958CA11-1AEE-4B76-B67A-3AD06D1D611A}"
EndProject
Global
	GlobalSection(SolutionConfigurationPlatforms) = preSolution
		Debug|Any CPU = Debug|Any CPU
		Release|Any CPU = Release|Any CPU
	EndGlobalSection
	GlobalSection(ProjectConfigurationPlatforms) = postSolution
		{66A07DA0-9EED-4A8C-B6D8-39DB93513A1B}.Debug|Any CPU.ActiveCfg = Debug|Any CPU
		{66A07DA0-9EED-4A8C-B6D8-39DB93513A1B}.Debug|Any CPU.Build.0 = Debug|Any CPU
		{66A07DA0-9EED-4A8C-B6D8-39DB93513A1B}.Release|Any CPU.ActiveCfg = Release|Any CPU
		{66A07DA0-9EED-4A8C-B6D8-39DB93513A1B}.Release|Any CPU.Build.0 = Release|Any CPU
		{9958CA11-1AEE-4B76-B67A-3AD06D1D611A}.Debug|Any CPU.ActiveCfg = Debug|Any CPU
		{9958CA11-1AEE-4B76-B67A-3AD06D1D611A}.Debug|Any CPU.Build.0 = Debug|Any CPU
		{9958CA11-1AEE-4B76-B67A-3AD06D1D611A}.Release|Any CPU.ActiveCfg = Release|Any CPU
		{9958CA11-1AEE-4B76-B67A-3AD06D1D611A}.Release|Any CPU.Build.0 = Release|Any CPU
	EndGlobalSection
	GlobalSection(SolutionProperties) = preSolution
		HideSolutionNode = FALSE
	EndGlobalSection
	GlobalSection(ExtensibilityGlobals) = postSolution
		SolutionGuid = {5F853B2C-7117-4D53-B40D-1FA072215D16}
	EndGlobalSection
EndGlobal
